
Microsoft Visual Studio Solution File, Format Version 11.00
# Visual Studio 2010
Project("{FAE04EC0-301F-11D3-BF4B-00C04F79EFBC}") = "Sesion", "Sesion\Sesion.csproj", "{A52B0395-B07B-4DEA-AAF0-646AB763B65F}"
EndProject
Global
	GlobalSection(SolutionConfigurationPlatforms) = preSolution
		Debug|x86 = Debug|x86
		Release|x86 = Release|x86
	EndGlobalSection
	GlobalSection(ProjectConfigurationPlatforms) = postSolution
		{A52B0395-B07B-4DEA-AAF0-646AB763B65F}.Debug|x86.ActiveCfg = Debug|x86
		{A52B0395-B07B-4DEA-AAF0-646AB763B65F}.Debug|x86.Build.0 = Debug|x86
		{A52B0395-B07B-4DEA-AAF0-646AB763B65F}.Release|x86.ActiveCfg = Release|x86
		{A52B0395-B07B-4DEA-AAF0-646AB763B65F}.Release|x86.Build.0 = Release|x86
	EndGlobalSection
	GlobalSection(MonoDevelopProperties) = preSolution
		StartupItem = Sesion\Sesion.csproj
	EndGlobalSection
EndGlobal
